
Microsoft Visual Studio Solution File, Format Version 12.00
Project("{FAE04EC0-301F-11D3-BF4B-00C04F79EFBC}") = "Fahrenheit", "Fahrenheit\Fahrenheit.csproj", "{2EBC6436-1A01-4791-9A15-3ECDEC0FA3B5}"
EndProject
Project("{FAE04EC0-301F-11D3-BF4B-00C04F79EFBC}") = "Delta", "Delta\Delta.csproj", "{59DF9ED6-872F-4CD7-941E-AEAC76F5CEAD}"
EndProject
Project("{FAE04EC0-301F-11D3-BF4B-00C04F79EFBC}") = "BMI", "BMI\BMI.csproj", "{A51106EB-9A0B-414D-AE6B-2050BA4A4B11}"
EndProject
Project("{FAE04EC0-301F-11D3-BF4B-00C04F79EFBC}") = "LeapYear", "LeapYear\LeapYear.csproj", "{5ED522BF-AEAA-4A7D-8399-CA585D21CB23}"
EndProject
Project("{FAE04EC0-301F-11D3-BF4B-00C04F79EFBC}") = "Divider", "Divider\Divider.csproj", "{1BF58E37-EE6F-4E9A-9B7C-071CD111AF54}"
EndProject
Project("{FAE04EC0-301F-11D3-BF4B-00C04F79EFBC}") = "Calculator", "Calculator\Calculator.csproj", "{DBF1B9B0-F278-4EF1-AE44-44ECD7AD24DB}"
EndProject
Project("{FAE04EC0-301F-11D3-BF4B-00C04F79EFBC}") = "BiggestNum", "BiggestNum\BiggestNum.csproj", "{CE7FF178-E9FE-45DB-B4F0-AD8D179FE17B}"
EndProject
Global
	GlobalSection(SolutionConfigurationPlatforms) = preSolution
		Debug|Any CPU = Debug|Any CPU
		Release|Any CPU = Release|Any CPU
	EndGlobalSection
	GlobalSection(ProjectConfigurationPlatforms) = postSolution
		{2EBC6436-1A01-4791-9A15-3ECDEC0FA3B5}.Debug|Any CPU.ActiveCfg = Debug|Any CPU
		{2EBC6436-1A01-4791-9A15-3ECDEC0FA3B5}.Debug|Any CPU.Build.0 = Debug|Any CPU
		{2EBC6436-1A01-4791-9A15-3ECDEC0FA3B5}.Release|Any CPU.ActiveCfg = Release|Any CPU
		{2EBC6436-1A01-4791-9A15-3ECDEC0FA3B5}.Release|Any CPU.Build.0 = Release|Any CPU
		{59DF9ED6-872F-4CD7-941E-AEAC76F5CEAD}.Debug|Any CPU.ActiveCfg = Debug|Any CPU
		{59DF9ED6-872F-4CD7-941E-AEAC76F5CEAD}.Debug|Any CPU.Build.0 = Debug|Any CPU
		{59DF9ED6-872F-4CD7-941E-AEAC76F5CEAD}.Release|Any CPU.ActiveCfg = Release|Any CPU
		{59DF9ED6-872F-4CD7-941E-AEAC76F5CEAD}.Release|Any CPU.Build.0 = Release|Any CPU
		{A51106EB-9A0B-414D-AE6B-2050BA4A4B11}.Debug|Any CPU.ActiveCfg = Debug|Any CPU
		{A51106EB-9A0B-414D-AE6B-2050BA4A4B11}.Debug|Any CPU.Build.0 = Debug|Any CPU
		{A51106EB-9A0B-414D-AE6B-2050BA4A4B11}.Release|Any CPU.ActiveCfg = Release|Any CPU
		{A51106EB-9A0B-414D-AE6B-2050BA4A4B11}.Release|Any CPU.Build.0 = Release|Any CPU
		{5ED522BF-AEAA-4A7D-8399-CA585D21CB23}.Debug|Any CPU.ActiveCfg = Debug|Any CPU
		{5ED522BF-AEAA-4A7D-8399-CA585D21CB23}.Debug|Any CPU.Build.0 = Debug|Any CPU
		{5ED522BF-AEAA-4A7D-8399-CA585D21CB23}.Release|Any CPU.ActiveCfg = Release|Any CPU
		{5ED522BF-AEAA-4A7D-8399-CA585D21CB23}.Release|Any CPU.Build.0 = Release|Any CPU
		{1BF58E37-EE6F-4E9A-9B7C-071CD111AF54}.Debug|Any CPU.ActiveCfg = Debug|Any CPU
		{1BF58E37-EE6F-4E9A-9B7C-071CD111AF54}.Debug|Any CPU.Build.0 = Debug|Any CPU
		{1BF58E37-EE6F-4E9A-9B7C-071CD111AF54}.Release|Any CPU.ActiveCfg = Release|Any CPU
		{1BF58E37-EE6F-4E9A-9B7C-071CD111AF54}.Release|Any CPU.Build.0 = Release|Any CPU
		{DBF1B9B0-F278-4EF1-AE44-44ECD7AD24DB}.Debug|Any CPU.ActiveCfg = Debug|Any CPU
		{DBF1B9B0-F278-4EF1-AE44-44ECD7AD24DB}.Debug|Any CPU.Build.0 = Debug|Any CPU
		{DBF1B9B0-F278-4EF1-AE44-44ECD7AD24DB}.Release|Any CPU.ActiveCfg = Release|Any CPU
		{DBF1B9B0-F278-4EF1-AE44-44ECD7AD24DB}.Release|Any CPU.Build.0 = Release|Any CPU
		{CE7FF178-E9FE-45DB-B4F0-AD8D179FE17B}.Debug|Any CPU.ActiveCfg = Debug|Any CPU
		{CE7FF178-E9FE-45DB-B4F0-AD8D179FE17B}.Debug|Any CPU.Build.0 = Debug|Any CPU
		{CE7FF178-E9FE-45DB-B4F0-AD8D179FE17B}.Release|Any CPU.ActiveCfg = Release|Any CPU
		{CE7FF178-E9FE-45DB-B4F0-AD8D179FE17B}.Release|Any CPU.Build.0 = Release|Any CPU
	EndGlobalSection
EndGlobal
